<?xml version="1.0" encoding="utf-8"?>
<Project ToolsVersion="4.0" xmlns="http://schemas.microsoft.com/developer/msbuild/2003">
  <ItemGroup>
    <Filter Include="소스 파일">
      <UniqueIdentifier>{4FC737F1-C7A5-4376-A066-2A32D752A2FF}</UniqueIdentifier>
      <Extensions>cpp;c;cc;cxx;c++;cppm;ixx;def;odl;idl;hpj;bat;asm;asmx</Extensions>
    </Filter>
    <Filter Include="헤더 파일">
      <UniqueIdentifier>{93995380-89BD-4b04-88EB-625FBE52EBFB}</UniqueIdentifier>
      <Extensions>h;hh;hpp;hxx;h++;hm;inl;inc;ipp;xsd</Extensions>
    </Filter>
    <Filter Include="리소스 파일">
      <UniqueIdentifier>{67DA6AB6-F800-4c08-8B7A-83BB121AAD01}</UniqueIdentifier>
      <Extensions>rc;ico;cur;bmp;dlg;rc2;rct;bin;rgs;gif;jpg;jpeg;jpe;resx;tiff;tif;png;wav;mfcribbon-ms</Extensions>
    </Filter>
    <Filter Include="소스 파일\InputDevice">
      <UniqueIdentifier>{922de22b-8056-44c2-931a-cd0d09095372}</UniqueIdentifier>
    </Filter>
    <Filter Include="소스 파일\PhysX">
      <UniqueIdentifier>{16fb8ffa-8b2f-4c8c-b94d-a1422ab8eea7}</UniqueIdentifier>
    </Filter>
    <Filter Include="소스 파일\PhysX\PhysDevice">
      <UniqueIdentifier>{3f7602d0-3e76-4c1c-b530-22ffc54ddfd4}</UniqueIdentifier>
    </Filter>
    <Filter Include="소스 파일\PhysX\RigidBody">
      <UniqueIdentifier>{be24c8a6-3df7-4ceb-97a8-6c550c51b544}</UniqueIdentifier>
    </Filter>
    <Filter Include="소스 파일\PhysX\Collider">
      <UniqueIdentifier>{b69d61a4-8008-43cc-b5aa-a635cedf820b}</UniqueIdentifier>
    </Filter>
    <Filter Include="소스 파일\PhysX\Collider\Capsule">
      <UniqueIdentifier>{496d4e2f-28fb-4e2c-a4f6-41d4dc3cb0eb}</UniqueIdentifier>
    </Filter>
    <Filter Include="소스 파일\PhysX\EventCallback">
      <UniqueIdentifier>{948564c9-29b1-4275-8d5e-d66dd410768f}</UniqueIdentifier>
    </Filter>
    <Filter Include="소스 파일\PhysX\Collider\Box">
      <UniqueIdentifier>{1fe89b82-937b-486b-ab1f-8de5627e2735}</UniqueIdentifier>
    </Filter>
    <Filter Include="소스 파일\PhysX\Collider\Sphere">
      <UniqueIdentifier>{2ec84790-ab30-458d-bacf-36f8c948589d}</UniqueIdentifier>
    </Filter>
    <Filter Include="소스 파일\PhysX\Controller">
      <UniqueIdentifier>{8f1e7ddd-c4f2-4d41-af07-7e8da2ce70ec}</UniqueIdentifier>
    </Filter>
    <Filter Include="소스 파일\PhysX\Controller\ControllerManager">
      <UniqueIdentifier>{f915412a-ca29-4e9e-b65a-ac92fa30f82e}</UniqueIdentifier>
    </Filter>
    <Filter Include="소스 파일\PhysX\PhysDevice\Query">
      <UniqueIdentifier>{1fdde35d-bcdf-4a8f-be83-ff9da1fbd7db}</UniqueIdentifier>
    </Filter>
    <Filter Include="소스 파일\Player">
      <UniqueIdentifier>{020e1a6b-92b5-48e9-b062-5af70da55160}</UniqueIdentifier>
    </Filter>
    <Filter Include="소스 파일\PhysX\PhysDevice\FilterCallback">
      <UniqueIdentifier>{2e7c4f3f-e2a5-414d-b56e-03e9da49ed3f}</UniqueIdentifier>
    </Filter>
    <Filter Include="소스 파일\PhysX\PhysDevice\FilterShader">
      <UniqueIdentifier>{7f212b41-6a05-4193-bf63-d4ac07e9d292}</UniqueIdentifier>
    </Filter>
    <Filter Include="소스 파일\PhysX\PhysDevice\Query\RayCastElements">
      <UniqueIdentifier>{2aa80a60-bd63-4633-b14a-edfa239b968e}</UniqueIdentifier>
    </Filter>
    <Filter Include="소스 파일\PhysX\EventCallback\CollisionInfo">
      <UniqueIdentifier>{946016f4-f5ad-4713-9a47-bfcd9c454619}</UniqueIdentifier>
    </Filter>
    <Filter Include="소스 파일\PhysX\Collider\Mesh">
      <UniqueIdentifier>{66549b34-2add-4f68-8936-e42b74daecd2}</UniqueIdentifier>
    </Filter>
  </ItemGroup>
  <ItemGroup>
    <ClInclude Include="framework.h">
      <Filter>헤더 파일</Filter>
    </ClInclude>
    <ClInclude Include="targetver.h">
      <Filter>헤더 파일</Filter>
    </ClInclude>
    <ClInclude Include="Resource.h">
      <Filter>헤더 파일</Filter>
    </ClInclude>
    <ClInclude Include="sim.h">
      <Filter>헤더 파일</Filter>
    </ClInclude>
    <ClInclude Include="PhysDevice.h">
      <Filter>소스 파일\PhysX\PhysDevice</Filter>
    </ClInclude>
    <ClInclude Include="Define.h">
      <Filter>헤더 파일</Filter>
    </ClInclude>
    <ClInclude Include="InputDevice.h">
      <Filter>소스 파일\InputDevice</Filter>
    </ClInclude>
    <ClInclude Include="MySimulationEventCallback.h">
      <Filter>소스 파일\PhysX\EventCallback</Filter>
    </ClInclude>
    <ClInclude Include="Collider.h">
      <Filter>소스 파일\PhysX\Collider</Filter>
    </ClInclude>
    <ClInclude Include="CapsuleCollider.h">
      <Filter>소스 파일\PhysX\Collider\Capsule</Filter>
    </ClInclude>
    <ClInclude Include="RigidBody.h">
      <Filter>소스 파일\PhysX\RigidBody</Filter>
    </ClInclude>
    <ClInclude Include="BoxCollider.h">
      <Filter>소스 파일\PhysX\Collider\Box</Filter>
    </ClInclude>
    <ClInclude Include="SphereCollider.h">
      <Filter>소스 파일\PhysX\Collider\Sphere</Filter>
    </ClInclude>
    <ClInclude Include="Client_Defines.h">
      <Filter>헤더 파일</Filter>
    </ClInclude>
    <ClInclude Include="MyFilterShader.h">
      <Filter>소스 파일\PhysX\PhysDevice\FilterShader</Filter>
    </ClInclude>
    <ClInclude Include="ControllerWrapper.h">
      <Filter>소스 파일\PhysX\Controller</Filter>
    </ClInclude>
    <ClInclude Include="ControllerManagerWrapper.h">
      <Filter>소스 파일\PhysX\Controller\ControllerManager</Filter>
    </ClInclude>
    <ClInclude Include="PhysQuery.h">
      <Filter>소스 파일\PhysX\PhysDevice\Query</Filter>
    </ClInclude>
    <ClInclude Include="Player.h">
      <Filter>소스 파일\Player</Filter>
    </ClInclude>
    <ClInclude Include="CustomQueryFilterCallback.h">
      <Filter>소스 파일\PhysX\PhysDevice\FilterCallback</Filter>
    </ClInclude>
    <ClInclude Include="PhysicsRay.h">
      <Filter>소스 파일\PhysX\PhysDevice\Query\RayCastElements</Filter>
    </ClInclude>
    <ClInclude Include="RaycastHit.h">
      <Filter>소스 파일\PhysX\PhysDevice\Query\RayCastElements</Filter>
    </ClInclude>
    <ClInclude Include="CollisionPairInfo.h">
      <Filter>소스 파일\PhysX\EventCallback\CollisionInfo</Filter>
    </ClInclude>
    <ClInclude Include="TriangleMeshCollider.h">
      <Filter>소스 파일\PhysX\Collider\Mesh</Filter>
    </ClInclude>
  </ItemGroup>
  <ItemGroup>
    <ClCompile Include="sim.cpp">
      <Filter>소스 파일</Filter>
    </ClCompile>
    <ClCompile Include="PhysDevice.cpp">
      <Filter>소스 파일\PhysX\PhysDevice</Filter>
    </ClCompile>
    <ClCompile Include="InputDevice.cpp">
      <Filter>소스 파일\InputDevice</Filter>
    </ClCompile>
    <ClCompile Include="MySimulationEventCallback.cpp">
      <Filter>소스 파일\PhysX\EventCallback</Filter>
    </ClCompile>
    <ClCompile Include="CapsuleCollider.cpp">
      <Filter>소스 파일\PhysX\Collider\Capsule</Filter>
    </ClCompile>
    <ClCompile Include="RigidBody.cpp">
      <Filter>소스 파일\PhysX\RigidBody</Filter>
    </ClCompile>
    <ClCompile Include="BoxCollider.cpp">
      <Filter>소스 파일\PhysX\Collider\Box</Filter>
    </ClCompile>
    <ClCompile Include="Collider.cpp">
      <Filter>소스 파일\PhysX\Collider</Filter>
    </ClCompile>
    <ClCompile Include="SphereCollider.cpp">
      <Filter>소스 파일\PhysX\Collider\Sphere</Filter>
    </ClCompile>
    <ClCompile Include="framework.cpp">
      <Filter>소스 파일</Filter>
    </ClCompile>
    <ClCompile Include="MyFilterShader.cpp">
      <Filter>소스 파일\PhysX\PhysDevice\FilterShader</Filter>
    </ClCompile>
    <ClCompile Include="ControllerWrapper.cpp">
      <Filter>소스 파일\PhysX\Controller</Filter>
    </ClCompile>
    <ClCompile Include="ControllerManagerWrapper.cpp">
      <Filter>소스 파일\PhysX\Controller\ControllerManager</Filter>
    </ClCompile>
    <ClCompile Include="PhysQuery.cpp">
      <Filter>소스 파일\PhysX\PhysDevice\Query</Filter>
    </ClCompile>
    <ClCompile Include="Player.cpp">
      <Filter>소스 파일\Player</Filter>
    </ClCompile>
    <ClCompile Include="CustomQueryFilterCallback.cpp">
      <Filter>소스 파일\PhysX\PhysDevice\FilterCallback</Filter>
    </ClCompile>
    <ClCompile Include="PhysicsRay.cpp">
      <Filter>소스 파일\PhysX\PhysDevice\Query\RayCastElements</Filter>
    </ClCompile>
    <ClCompile Include="RaycastHit.cpp">
      <Filter>소스 파일\PhysX\PhysDevice\Query\RayCastElements</Filter>
    </ClCompile>
    <ClCompile Include="CollisionPairInfo.cpp">
      <Filter>소스 파일\PhysX\EventCallback\CollisionInfo</Filter>
    </ClCompile>
    <ClCompile Include="TriangleMeshCollider.cpp">
      <Filter>소스 파일\PhysX\Collider\Mesh</Filter>
    </ClCompile>
  </ItemGroup>
  <ItemGroup>
    <ResourceCompile Include="sim.rc">
      <Filter>리소스 파일</Filter>
    </ResourceCompile>
  </ItemGroup>
  <ItemGroup>
    <Image Include="small.ico">
      <Filter>리소스 파일</Filter>
    </Image>
    <Image Include="sim.ico">
      <Filter>리소스 파일</Filter>
    </Image>
  </ItemGroup>
</Project>